github.com/google/go-cmp v0.5.6 h1:BKbKCqvP6I+rmFHt06ZmyQtvB8xAkWdhFyr0ZUNZcxQ=
github.com/google/go-cmp v0.5.6/go.mod h1:v8dTdLbMG2kIc/vJvl+f65V22dbkXbowE6jgT/gNBxE=
github.com/mbarley333/cards v0.0.0-20211014061730-3ba7875d355f h1:WCPAjPiraufdNn2QsyCc6LVCOXQ9vRS2O+z+CBvSU2g=
github.com/mbarley333/cards v0.0.0-20211014061730-3ba7875d355f/go.mod h1:/wAYw+npT3WoEgNwPD07UWCGHG9U3G2kObc/FFTMb+c=
github.com/mbarley333/cards v0.0.0-20211014064254-1fce540bdf3d h1:9yl9RCSKrB7IlUP6nru3i8IWqdPEVT2o7D9/JbJMbX8=
github.com/mbarley333/cards v0.0.0-20211014064254-1fce540bdf3d/go.mod h1:/wAYw+npT3WoEgNwPD07UWCGHG9U3G2kObc/FFTMb+c=
golang.org/x/xerrors v0.0.0-20191204190536-9bdfabe68543 h1:E7g+9GITq07hpfrRu66IVDexMakfv52eLZ2CXBWiKr4=
golang.org/x/xerrors v0.0.0-20191204190536-9bdfabe68543/go.mod h1:I/5z698sn9Ka8TeJc9MKroUUfqBBauWjQqLJ2OPfmY0=
